
Microsoft Visual Studio Solution File, Format Version 12.00
# Visual Studio Version 17
VisualStudioVersion = 17.6.33815.320
MinimumVisualStudioVersion = 10.0.40219.1
Project("{9A19103F-16F7-4668-BE54-9A1E7A4F7556}") = "IntroductionPOO", "IntroductionPOO\IntroductionPOO.csproj", "{821F71AF-1109-441E-BC82-95B19A773014}"
EndProject
Project("{9A19103F-16F7-4668-BE54-9A1E7A4F7556}") = "Exercice1", "Exercice1\Exercice1.csproj", "{C2238EEC-6E01-4599-80B6-7C02EB92211E}"
EndProject
Project("{9A19103F-16F7-4668-BE54-9A1E7A4F7556}") = "Exercice2", "Exercice2\Exercice2.csproj", "{77C2ACA2-A8C8-4C1E-A474-211B26EE7627}"
EndProject
Project("{9A19103F-16F7-4668-BE54-9A1E7A4F7556}") = "Exercice3", "Exercice3\Exercice3.csproj", "{7F7BEF17-97E1-428F-9E7B-3DFC578F48CB}"
EndProject
Project("{FAE04EC0-301F-11D3-BF4B-00C04F79EFBC}") = "Exercice4", "Exercice4\Exercice4.csproj", "{89AFBE01-C748-4C0E-9844-C979E62EF947}"
EndProject
Global
	GlobalSection(SolutionConfigurationPlatforms) = preSolution
		Debug|Any CPU = Debug|Any CPU
		Release|Any CPU = Release|Any CPU
	EndGlobalSection
	GlobalSection(ProjectConfigurationPlatforms) = postSolution
		{821F71AF-1109-441E-BC82-95B19A773014}.Debug|Any CPU.ActiveCfg = Debug|Any CPU
		{821F71AF-1109-441E-BC82-95B19A773014}.Debug|Any CPU.Build.0 = Debug|Any CPU
		{821F71AF-1109-441E-BC82-95B19A773014}.Release|Any CPU.ActiveCfg = Release|Any CPU
		{821F71AF-1109-441E-BC82-95B19A773014}.Release|Any CPU.Build.0 = Release|Any CPU
		{C2238EEC-6E01-4599-80B6-7C02EB92211E}.Debug|Any CPU.ActiveCfg = Debug|Any CPU
		{C2238EEC-6E01-4599-80B6-7C02EB92211E}.Debug|Any CPU.Build.0 = Debug|Any CPU
		{C2238EEC-6E01-4599-80B6-7C02EB92211E}.Release|Any CPU.ActiveCfg = Release|Any CPU
		{C2238EEC-6E01-4599-80B6-7C02EB92211E}.Release|Any CPU.Build.0 = Release|Any CPU
		{77C2ACA2-A8C8-4C1E-A474-211B26EE7627}.Debug|Any CPU.ActiveCfg = Debug|Any CPU
		{77C2ACA2-A8C8-4C1E-A474-211B26EE7627}.Debug|Any CPU.Build.0 = Debug|Any CPU
		{77C2ACA2-A8C8-4C1E-A474-211B26EE7627}.Release|Any CPU.ActiveCfg = Release|Any CPU
		{77C2ACA2-A8C8-4C1E-A474-211B26EE7627}.Release|Any CPU.Build.0 = Release|Any CPU
		{7F7BEF17-97E1-428F-9E7B-3DFC578F48CB}.Debug|Any CPU.ActiveCfg = Debug|Any CPU
		{7F7BEF17-97E1-428F-9E7B-3DFC578F48CB}.Debug|Any CPU.Build.0 = Debug|Any CPU
		{7F7BEF17-97E1-428F-9E7B-3DFC578F48CB}.Release|Any CPU.ActiveCfg = Release|Any CPU
		{7F7BEF17-97E1-428F-9E7B-3DFC578F48CB}.Release|Any CPU.Build.0 = Release|Any CPU
		{89AFBE01-C748-4C0E-9844-C979E62EF947}.Debug|Any CPU.ActiveCfg = Debug|Any CPU
		{89AFBE01-C748-4C0E-9844-C979E62EF947}.Debug|Any CPU.Build.0 = Debug|Any CPU
		{89AFBE01-C748-4C0E-9844-C979E62EF947}.Release|Any CPU.ActiveCfg = Release|Any CPU
		{89AFBE01-C748-4C0E-9844-C979E62EF947}.Release|Any CPU.Build.0 = Release|Any CPU
	EndGlobalSection
	GlobalSection(SolutionProperties) = preSolution
		HideSolutionNode = FALSE
	EndGlobalSection
	GlobalSection(ExtensibilityGlobals) = postSolution
		SolutionGuid = {AE3075F3-E3FD-44E0-A3A5-72D16949920A}
	EndGlobalSection
EndGlobal
