
Microsoft Visual Studio Solution File, Format Version 12.00
# Visual Studio Version 17
VisualStudioVersion = 17.6.33815.320
MinimumVisualStudioVersion = 10.0.40219.1
Project("{9A19103F-16F7-4668-BE54-9A1E7A4F7556}") = "IntroductionPOO", "IntroductionPOO\IntroductionPOO.csproj", "{821F71AF-1109-441E-BC82-95B19A773014}"
EndProject
Project("{9A19103F-16F7-4668-BE54-9A1E7A4F7556}") = "Exercice1", "Exercice1\Exercice1.csproj", "{C2238EEC-6E01-4599-80B6-7C02EB92211E}"
EndProject
Project("{9A19103F-16F7-4668-BE54-9A1E7A4F7556}") = "Exercice2", "Exercice2\Exercice2.csproj", "{77C2ACA2-A8C8-4C1E-A474-211B26EE7627}"
EndProject
Project("{9A19103F-16F7-4668-BE54-9A1E7A4F7556}") = "Exercice3", "Exercice3\Exercice3.csproj", "{7F7BEF17-97E1-428F-9E7B-3DFC578F48CB}"
EndProject
Project("{9A19103F-16F7-4668-BE54-9A1E7A4F7556}") = "Exercice4", "Exercice4\Exercice4.csproj", "{89AFBE01-C748-4C0E-9844-C979E62EF947}"
EndProject
Project("{9A19103F-16F7-4668-BE54-9A1E7A4F7556}") = "Exercice5", "Exercice5\Exercice5.csproj", "{948A224C-A6D9-4964-BEE4-804D651E61FB}"
EndProject
Project("{9A19103F-16F7-4668-BE54-9A1E7A4F7556}") = "Exercice6", "Exercice6\Exercice6.csproj", "{967DF6CC-65E5-4D2C-80E5-95EEB0183948}"
EndProject
Project("{9A19103F-16F7-4668-BE54-9A1E7A4F7556}") = "Exercice8", "Exercice8\Exercice8.csproj", "{B00984A7-7248-4EBE-9900-C13D25DEA004}"
EndProject
Project("{9A19103F-16F7-4668-BE54-9A1E7A4F7556}") = "Exercice11", "Exercice11\Exercice11.csproj", "{5F75113B-FD11-4219-8465-6F040792032B}"
EndProject
Project("{FAE04EC0-301F-11D3-BF4B-00C04F79EFBC}") = "BonusThermometer", "BonusThermometer\BonusThermometer.csproj", "{DBE820B7-EB64-438C-8C53-622A7248986C}"
EndProject
Global
	GlobalSection(SolutionConfigurationPlatforms) = preSolution
		Debug|Any CPU = Debug|Any CPU
		Release|Any CPU = Release|Any CPU
	EndGlobalSection
	GlobalSection(ProjectConfigurationPlatforms) = postSolution
		{821F71AF-1109-441E-BC82-95B19A773014}.Debug|Any CPU.ActiveCfg = Debug|Any CPU
		{821F71AF-1109-441E-BC82-95B19A773014}.Debug|Any CPU.Build.0 = Debug|Any CPU
		{821F71AF-1109-441E-BC82-95B19A773014}.Release|Any CPU.ActiveCfg = Release|Any CPU
		{821F71AF-1109-441E-BC82-95B19A773014}.Release|Any CPU.Build.0 = Release|Any CPU
		{C2238EEC-6E01-4599-80B6-7C02EB92211E}.Debug|Any CPU.ActiveCfg = Debug|Any CPU
		{C2238EEC-6E01-4599-80B6-7C02EB92211E}.Debug|Any CPU.Build.0 = Debug|Any CPU
		{C2238EEC-6E01-4599-80B6-7C02EB92211E}.Release|Any CPU.ActiveCfg = Release|Any CPU
		{C2238EEC-6E01-4599-80B6-7C02EB92211E}.Release|Any CPU.Build.0 = Release|Any CPU
		{77C2ACA2-A8C8-4C1E-A474-211B26EE7627}.Debug|Any CPU.ActiveCfg = Debug|Any CPU
		{77C2ACA2-A8C8-4C1E-A474-211B26EE7627}.Debug|Any CPU.Build.0 = Debug|Any CPU
		{77C2ACA2-A8C8-4C1E-A474-211B26EE7627}.Release|Any CPU.ActiveCfg = Release|Any CPU
		{77C2ACA2-A8C8-4C1E-A474-211B26EE7627}.Release|Any CPU.Build.0 = Release|Any CPU
		{7F7BEF17-97E1-428F-9E7B-3DFC578F48CB}.Debug|Any CPU.ActiveCfg = Debug|Any CPU
		{7F7BEF17-97E1-428F-9E7B-3DFC578F48CB}.Debug|Any CPU.Build.0 = Debug|Any CPU
		{7F7BEF17-97E1-428F-9E7B-3DFC578F48CB}.Release|Any CPU.ActiveCfg = Release|Any CPU
		{7F7BEF17-97E1-428F-9E7B-3DFC578F48CB}.Release|Any CPU.Build.0 = Release|Any CPU
		{89AFBE01-C748-4C0E-9844-C979E62EF947}.Debug|Any CPU.ActiveCfg = Debug|Any CPU
		{89AFBE01-C748-4C0E-9844-C979E62EF947}.Debug|Any CPU.Build.0 = Debug|Any CPU
		{89AFBE01-C748-4C0E-9844-C979E62EF947}.Release|Any CPU.ActiveCfg = Release|Any CPU
		{89AFBE01-C748-4C0E-9844-C979E62EF947}.Release|Any CPU.Build.0 = Release|Any CPU
		{948A224C-A6D9-4964-BEE4-804D651E61FB}.Debug|Any CPU.ActiveCfg = Debug|Any CPU
		{948A224C-A6D9-4964-BEE4-804D651E61FB}.Debug|Any CPU.Build.0 = Debug|Any CPU
		{948A224C-A6D9-4964-BEE4-804D651E61FB}.Release|Any CPU.ActiveCfg = Release|Any CPU
		{948A224C-A6D9-4964-BEE4-804D651E61FB}.Release|Any CPU.Build.0 = Release|Any CPU
		{967DF6CC-65E5-4D2C-80E5-95EEB0183948}.Debug|Any CPU.ActiveCfg = Debug|Any CPU
		{967DF6CC-65E5-4D2C-80E5-95EEB0183948}.Debug|Any CPU.Build.0 = Debug|Any CPU
		{967DF6CC-65E5-4D2C-80E5-95EEB0183948}.Release|Any CPU.ActiveCfg = Release|Any CPU
		{967DF6CC-65E5-4D2C-80E5-95EEB0183948}.Release|Any CPU.Build.0 = Release|Any CPU
		{B00984A7-7248-4EBE-9900-C13D25DEA004}.Debug|Any CPU.ActiveCfg = Debug|Any CPU
		{B00984A7-7248-4EBE-9900-C13D25DEA004}.Debug|Any CPU.Build.0 = Debug|Any CPU
		{B00984A7-7248-4EBE-9900-C13D25DEA004}.Release|Any CPU.ActiveCfg = Release|Any CPU
		{B00984A7-7248-4EBE-9900-C13D25DEA004}.Release|Any CPU.Build.0 = Release|Any CPU
		{5F75113B-FD11-4219-8465-6F040792032B}.Debug|Any CPU.ActiveCfg = Debug|Any CPU
		{5F75113B-FD11-4219-8465-6F040792032B}.Debug|Any CPU.Build.0 = Debug|Any CPU
		{5F75113B-FD11-4219-8465-6F040792032B}.Release|Any CPU.ActiveCfg = Release|Any CPU
		{5F75113B-FD11-4219-8465-6F040792032B}.Release|Any CPU.Build.0 = Release|Any CPU
		{DBE820B7-EB64-438C-8C53-622A7248986C}.Debug|Any CPU.ActiveCfg = Debug|Any CPU
		{DBE820B7-EB64-438C-8C53-622A7248986C}.Debug|Any CPU.Build.0 = Debug|Any CPU
		{DBE820B7-EB64-438C-8C53-622A7248986C}.Release|Any CPU.ActiveCfg = Release|Any CPU
		{DBE820B7-EB64-438C-8C53-622A7248986C}.Release|Any CPU.Build.0 = Release|Any CPU
	EndGlobalSection
	GlobalSection(SolutionProperties) = preSolution
		HideSolutionNode = FALSE
	EndGlobalSection
	GlobalSection(ExtensibilityGlobals) = postSolution
		SolutionGuid = {AE3075F3-E3FD-44E0-A3A5-72D16949920A}
	EndGlobalSection
EndGlobal
